PODS:
  - Flutter (1.0.0)
  - flutter_keychain (0.0.1):
    - Flutter
  - flutter_locker (0.0.1):
    - Flutter
    - Locker (~> 3.0.1)
  - Locker (3.0.2)

DEPENDENCIES:
  - Flutter (from `Flutter`)
  - flutter_keychain (from `.symlinks/plugins/flutter_keychain/ios`)
  - flutter_locker (from `.symlinks/plugins/flutter_locker/ios`)

SPEC REPOS:
  trunk:
    - Locker

EXTERNAL SOURCES:
  Flutter:
    :path: Flutter
  flutter_keychain:
    :path: ".symlinks/plugins/flutter_keychain/ios"
  flutter_locker:
    :path: ".symlinks/plugins/flutter_locker/ios"

SPEC CHECKSUMS:
  Flutter: f04841e97a9d0b0a8025694d0796dd46242b2854
  flutter_keychain: 01aabf894ffe8b01adfda1d9df21c210c1b4b452
  flutter_locker: 2d1b2e426eecaff7999596ff6cae78e1659e72df
  Locker: c4a5ed027ee0a6336e3f59de1237e89d3486d152

PODFILE CHECKSUM: 70d9d25280d0dd177a5f637cdb0f0b0b12c6a189

COCOAPODS: 1.13.0
